// !$*UTF8*$!
{
	archiveVersion = 1;
	classes = {
	};
	objectVersion = 48;
	objects = {

/* Begin PBXBuildFile section */
		17A73B82205BBE5200B0DFEC /* AppDelegate.swift in Sources */ = {isa = PBXBuildFile; fileRef = 17A73B81205BBE5200B0DFEC /* AppDelegate.swift */; };
		17A73B84205BBE5200B0DFEC /* ViewController.swift in Sources */ = {isa = PBXBuildFile; fileRef = 17A73B83205BBE5200B0DFEC /* ViewController.swift */; };
		17A73B87205BBE5200B0DFEC /* Main.storyboard in Resources */ = {isa = PBXBuildFile; fileRef = 17A73B85205BBE5200B0DFEC /* Main.storyboard */; };
		17A73B89205BBE5200B0DFEC /* Assets.xcassets in Resources */ = {isa = PBXBuildFile; fileRef = 17A73B88205BBE5200B0DFEC /* Assets.xcassets */; };
		17A73B8C205BBE5200B0DFEC /* LaunchScreen.storyboard in Resources */ = {isa = PBXBuildFile; fileRef = 17A73B8A205BBE5200B0DFEC /* LaunchScreen.storyboard */; };
		17A73B97205BBE5200B0DFEC /* QRCodeScannerTests.swift in Sources */ = {isa = PBXBuildFile; fileRef = 17A73B96205BBE5200B0DFEC /* QRCodeScannerTests.swift */; };
		17A73BA2205BBE5200B0DFEC /* QRCodeScannerUITests.swift in Sources */ = {isa = PBXBuildFile; fileRef = 17A73BA1205BBE5200B0DFEC /* QRCodeScannerUITests.swift */; };
/* End PBXBuildFile section */

/* Begin PBXContainerItemProxy section */
		17A73B93205BBE5200B0DFEC /* PBXContainerItemProxy */ = {
			isa = PBXContainerItemProxy;
			containerPortal = 17A73B76205BBE5100B0DFEC /* Project object */;
			proxyType = 1;
			remoteGlobalIDString = 17A73B7D205BBE5200B0DFEC;
			remoteInfo = QRCodeScanner;
		};
		17A73B9E205BBE5200B0DFEC /* PBXContainerItemProxy */ = {
			isa = PBXContainerItemProxy;
			containerPortal = 17A73B76205BBE5100B0DFEC /* Project object */;
			proxyType = 1;
			remoteGlobalIDString = 17A73B7D205BBE5200B0DFEC;
			remoteInfo = QRCodeScanner;
		};
/* End PBXContainerItemProxy section */

/* Begin PBXFileReference section */
		17A73B7E205BBE5200B0DFEC /* QRCodeScanner.app */ = {isa = PBXFileReference; explicitFileType = wrapper.application; includeInIndex = 0; path = QRCodeScanner.app; sourceTree = BUILT_PRODUCTS_DIR; };
		17A73B81205BBE5200B0DFEC /* AppDelegate.swift */ = {isa = PBXFileReference; lastKnownFileType = sourcecode.swift; path = AppDelegate.swift; sourceTree = "<group>"; };
		17A73B83205BBE5200B0DFEC /* ViewController.swift */ = {isa = PBXFileReference; lastKnownFileType = sourcecode.swift; path = ViewController.swift; sourceTree = "<group>"; };
		17A73B86205BBE5200B0DFEC /* Base */ = {isa = PBXFileReference; lastKnownFileType = file.storyboard; name = Base; path = Base.lproj/Main.storyboard; sourceTree = "<group>"; };
		17A73B88205BBE5200B0DFEC /* Assets.xcassets */ = {isa = PBXFileReference; lastKnownFileType = folder.assetcatalog; path = Assets.xcassets; sourceTree = "<group>"; };
		17A73B8B205BBE5200B0DFEC /* Base */ = {isa = PBXFileReference; lastKnownFileType = file.storyboard; name = Base; path = Base.lproj/LaunchScreen.storyboard; sourceTree = "<group>"; };
		17A73B8D205BBE5200B0DFEC /* Info.plist */ = {isa = PBXFileReference; lastKnownFileType = text.plist.xml; path = Info.plist; sourceTree = "<group>"; };
		17A73B92205BBE5200B0DFEC /* QRCodeScannerTests.xctest */ = {isa = PBXFileReference; explicitFileType = wrapper.cfbundle; includeInIndex = 0; path = QRCodeScannerTests.xctest; sourceTree = BUILT_PRODUCTS_DIR; };
		17A73B96205BBE5200B0DFEC /* QRCodeScannerTests.swift */ = {isa = PBXFileReference; lastKnownFileType = sourcecode.swift; path = QRCodeScannerTests.swift; sourceTree = "<group>"; };
		17A73B98205BBE5200B0DFEC /* Info.plist */ = {isa = PBXFileReference; lastKnownFileType = text.plist.xml; path = Info.plist; sourceTree = "<group>"; };
		17A73B9D205BBE5200B0DFEC /* QRCodeScannerUITests.xctest */ = {isa = PBXFileReference; explicitFileType = wrapper.cfbundle; includeInIndex = 0; path = QRCodeScannerUITests.xctest; sourceTree = BUILT_PRODUCTS_DIR; };
		17A73BA1205BBE5200B0DFEC /* QRCodeScannerUITests.swift */ = {isa = PBXFileReference; lastKnownFileType = sourcecode.swift; path = QRCodeScannerUITests.swift; sourceTree = "<group>"; };
		17A73BA3205BBE5200B0DFEC /* Info.plist */ = {isa = PBXFileReference; lastKnownFileType = text.plist.xml; path = Info.plist; sourceTree = "<group>"; };
/* End PBXFileReference section */

/* Begin PBXFrameworksBuildPhase section */
		17A73B7B205BBE5200B0DFEC /* Frameworks */ = {
			isa = PBXFrameworksBuildPhase;
			buildActionMask = 2147483647;
			files = (
			);
			runOnlyForDeploymentPostprocessing = 0;
		};
		17A73B8F205BBE5200B0DFEC /* Frameworks */ = {
			isa = PBXFrameworksBuildPhase;
			buildActionMask = 2147483647;
			files = (
			);
			runOnlyForDeploymentPostprocessing = 0;
		};
		17A73B9A205BBE5200B0DFEC /* Frameworks */ = {
			isa = PBXFrameworksBuildPhase;
			buildActionMask = 2147483647;
			files = (
			);
			runOnlyForDeploymentPostprocessing = 0;
		};
/* End PBXFrameworksBuildPhase section */

/* Begin PBXGroup section */
		17A73B75205BBE5100B0DFEC = {
			isa = PBXGroup;
			children = (
				17A73B80205BBE5200B0DFEC /* QRCodeScanner */,
				17A73B95205BBE5200B0DFEC /* QRCodeScannerTests */,
				17A73BA0205BBE5200B0DFEC /* QRCodeScannerUITests */,
				17A73B7F205BBE5200B0DFEC /* Products */,
			);
			sourceTree = "<group>";
		};
		17A73B7F205BBE5200B0DFEC /* Products */ = {
			isa = PBXGroup;
			children = (
				17A73B7E205BBE5200B0DFEC /* QRCodeScanner.app */,
				17A73B92205BBE5200B0DFEC /* QRCodeScannerTests.xctest */,
				17A73B9D205BBE5200B0DFEC /* QRCodeScannerUITests.xctest */,
			);
			name = Products;
			sourceTree = "<group>";
		};
		17A73B80205BBE5200B0DFEC /* QRCodeScanner */ = {
			isa = PBXGroup;
			children = (
				17A73B81205BBE5200B0DFEC /* AppDelegate.swift */,
				17A73B83205BBE5200B0DFEC /* ViewController.swift */,
				17A73B85205BBE5200B0DFEC /* Main.storyboard */,
				17A73B88205BBE5200B0DFEC /* Assets.xcassets */,
				17A73B8A205BBE5200B0DFEC /* LaunchScreen.storyboard */,
				17A73B8D205BBE5200B0DFEC /* Info.plist */,
			);
			path = QRCodeScanner;
			sourceTree = "<group>";
		};
		17A73B95205BBE5200B0DFEC /* QRCodeScannerTests */ = {
			isa = PBXGroup;
			children = (
				17A73B96205BBE5200B0DFEC /* QRCodeScannerTests.swift */,
				17A73B98205BBE5200B0DFEC /* Info.plist */,
			);
			path = QRCodeScannerTests;
			sourceTree = "<group>";
		};
		17A73BA0205BBE5200B0DFEC /* QRCodeScannerUITests */ = {
			isa = PBXGroup;
			children = (
				17A73BA1205BBE5200B0DFEC /* QRCodeScannerUITests.swift */,
				17A73BA3205BBE5200B0DFEC /* Info.plist */,
			);
			path = QRCodeScannerUITests;
			sourceTree = "<group>";
		};
/* End PBXGroup section */

/* Begin PBXNativeTarget section */
		17A73B7D205BBE5200B0DFEC /* QRCodeScanner */ = {
			isa = PBXNativeTarget;
			buildConfigurationList = 17A73BA6205BBE5200B0DFEC /* Build configuration list for PBXNativeTarget "QRCodeScanner" */;
			buildPhases = (
				17A73B7A205BBE5200B0DFEC /* Sources */,
				17A73B7B205BBE5200B0DFEC /* Frameworks */,
				17A73B7C205BBE5200B0DFEC /* Resources */,
			);
			buildRules = (
			);
			dependencies = (
			);
			name = QRCodeScanner;
			productName = QRCodeScanner;
			productReference = 17A73B7E205BBE5200B0DFEC /* QRCodeScanner.app */;
			productType = "com.apple.product-type.application";
		};
		17A73B91205BBE5200B0DFEC /* QRCodeScannerTests */ = {
			isa = PBXNativeTarget;
			buildConfigurationList = 17A73BA9205BBE5200B0DFEC /* Build configuration list for PBXNativeTarget "QRCodeScannerTests" */;
			buildPhases = (
				17A73B8E205BBE5200B0DFEC /* Sources */,
				17A73B8F205BBE5200B0DFEC /* Frameworks */,
				17A73B90205BBE5200B0DFEC /* Resources */,
			);
			buildRules = (
			);
			dependencies = (
				17A73B94205BBE5200B0DFEC /* PBXTargetDependency */,
			);
			name = QRCodeScannerTests;
			productName = QRCodeScannerTests;
			productReference = 17A73B92205BBE5200B0DFEC /* QRCodeScannerTests.xctest */;
			productType = "com.apple.product-type.bundle.unit-test";
		};
		17A73B9C205BBE5200B0DFEC /* QRCodeScannerUITests */ = {
			isa = PBXNativeTarget;
			buildConfigurationList = 17A73BAC205BBE5200B0DFEC /* Build configuration list for PBXNativeTarget "QRCodeScannerUITests" */;
			buildPhases = (
				17A73B99205BBE5200B0DFEC /* Sources */,
				17A73B9A205BBE5200B0DFEC /* Frameworks */,
				17A73B9B205BBE5200B0DFEC /* Resources */,
			);
			buildRules = (
			);
			dependencies = (
				17A73B9F205BBE5200B0DFEC /* PBXTargetDependency */,
			);
			name = QRCodeScannerUITests;
			productName = QRCodeScannerUITests;
			productReference = 17A73B9D205BBE5200B0DFEC /* QRCodeScannerUITests.xctest */;
			productType = "com.apple.product-type.bundle.ui-testing";
		};
/* End PBXNativeTarget section */

/* Begin PBXProject section */
		17A73B76205BBE5100B0DFEC /* Project object */ = {
			isa = PBXProject;
			attributes = {
				LastSwiftUpdateCheck = 0920;
				LastUpgradeCheck = 0920;
				ORGANIZATIONNAME = SHUKLA;
				TargetAttributes = {
					17A73B7D205BBE5200B0DFEC = {
						CreatedOnToolsVersion = 9.2;
						ProvisioningStyle = Automatic;
					};
					17A73B91205BBE5200B0DFEC = {
						CreatedOnToolsVersion = 9.2;
						ProvisioningStyle = Automatic;
						TestTargetID = 17A73B7D205BBE5200B0DFEC;
					};
					17A73B9C205BBE5200B0DFEC = {
						CreatedOnToolsVersion = 9.2;
						ProvisioningStyle = Automatic;
						TestTargetID = 17A73B7D205BBE5200B0DFEC;
					};
				};
			};
			buildConfigurationList = 17A73B79205BBE5100B0DFEC /* Build configuration list for PBXProject "QRCodeScanner" */;
			compatibilityVersion = "Xcode 8.0";
			developmentRegion = en;
			hasScannedForEncodings = 0;
			knownRegions = (
				en,
				Base,
			);
			mainGroup = 17A73B75205BBE5100B0DFEC;
			productRefGroup = 17A73B7F205BBE5200B0DFEC /* Products */;
			projectDirPath = "";
			projectRoot = "";
			targets = (
				17A73B7D205BBE5200B0DFEC /* QRCodeScanner */,
				17A73B91205BBE5200B0DFEC /* QRCodeScannerTests */,
				17A73B9C205BBE5200B0DFEC /* QRCodeScannerUITests */,
			);
		};
/* End PBXProject section */

/* Begin PBXResourcesBuildPhase section */
		17A73B7C205BBE5200B0DFEC /* Resources */ = {
			isa = PBXResourcesBuildPhase;
			buildActionMask = 2147483647;
			files = (
				17A73B8C205BBE5200B0DFEC /* LaunchScreen.storyboard in Resources */,
				17A73B89205BBE5200B0DFEC /* Assets.xcassets in Resources */,
				17A73B87205BBE5200B0DFEC /* Main.storyboard in Resources */,
			);
			runOnlyForDeploymentPostprocessing = 0;
		};
		17A73B90205BBE5200B0DFEC /* Resources */ = {
			isa = PBXResourcesBuildPhase;
			buildActionMask = 2147483647;
			files = (
			);
			runOnlyForDeploymentPostprocessing = 0;
		};
		17A73B9B205BBE5200B0DFEC /* Resources */ = {
			isa = PBXResourcesBuildPhase;
			buildActionMask = 2147483647;
			files = (
			);
			runOnlyForDeploymentPostprocessing = 0;
		};
/* End PBXResourcesBuildPhase section */

/* Begin PBXSourcesBuildPhase section */
		17A73B7A205BBE5200B0DFEC /* Sources */ = {
			isa = PBXSourcesBuildPhase;
			buildActionMask = 2147483647;
			files = (
				17A73B84205BBE5200B0DFEC /* ViewController.swift in Sources */,
				17A73B82205BBE5200B0DFEC /* AppDelegate.swift in Sources */,
			);
			runOnlyForDeploymentPostprocessing = 0;
		};
		17A73B8E205BBE5200B0DFEC /* Sources */ = {
			isa = PBXSourcesBuildPhase;
			buildActionMask = 2147483647;
			files = (
				17A73B97205BBE5200B0DFEC /* QRCodeScannerTests.swift in Sources */,
			);
			runOnlyForDeploymentPostprocessing = 0;
		};
		17A73B99205BBE5200B0DFEC /* Sources */ = {
			isa = PBXSourcesBuildPhase;
			buildActionMask = 2147483647;
			files = (
				17A73BA2205BBE5200B0DFEC /* QRCodeScannerUITests.swift in Sources */,
			);
			runOnlyForDeploymentPostprocessing = 0;
		};
/* End PBXSourcesBuildPhase section */

/* Begin PBXTargetDependency section */
		17A73B94205BBE5200B0DFEC /* PBXTargetDependency */ = {
			isa = PBXTargetDependency;
			target = 17A73B7D205BBE5200B0DFEC /* QRCodeScanner */;
			targetProxy = 17A73B93205BBE5200B0DFEC /* PBXContainerItemProxy */;
		};
		17A73B9F205BBE5200B0DFEC /* PBXTargetDependency */ = {
			isa = PBXTargetDependency;
			target = 17A73B7D205BBE5200B0DFEC /* QRCodeScanner */;
			targetProxy = 17A73B9E205BBE5200B0DFEC /* PBXContainerItemProxy */;
		};
/* End PBXTargetDependency section */

/* Begin PBXVariantGroup section */
		17A73B85205BBE5200B0DFEC /* Main.storyboard */ = {
			isa = PBXVariantGroup;
			children = (
				17A73B86205BBE5200B0DFEC /* Base */,
			);
			name = Main.storyboard;
			sourceTree = "<group>";
		};
		17A73B8A205BBE5200B0DFEC /* LaunchScreen.storyboard */ = {
			isa = PBXVariantGroup;
			children = (
				17A73B8B205BBE5200B0DFEC /* Base */,
			);
			name = LaunchScreen.storyboard;
			sourceTree = "<group>";
		};
/* End PBXVariantGroup section */

/* Begin XCBuildConfiguration section */
		17A73BA4205BBE5200B0DFEC /* Debug */ = {
			isa = XCBuildConfiguration;
			buildSettings = {
				ALWAYS_SEARCH_USER_PATHS = NO;
				CLANG_ANALYZER_NONNULL = YES;
				CLANG_ANALYZER_NUMBER_OBJECT_CONVERSION = YES_AGGRESSIVE;
				CLANG_CXX_LANGUAGE_STANDARD = "gnu++14";
				CLANG_CXX_LIBRARY = "libc++";
				CLANG_ENABLE_MODULES = YES;
				CLANG_ENABLE_OBJC_ARC = YES;
				CLANG_WARN_BLOCK_CAPTURE_AUTORELEASING = YES;
				CLANG_WARN_BOOL_CONVERSION = YES;
				CLANG_WARN_COMMA = YES;
				CLANG_WARN_CONSTANT_CONVERSION = YES;
				CLANG_WARN_DIRECT_OBJC_ISA_USAGE = YES_ERROR;
				CLANG_WARN_DOCUMENTATION_COMMENTS = YES;
				CLANG_WARN_EMPTY_BODY = YES;
				CLANG_WARN_ENUM_CONVERSION = YES;
				CLANG_WARN_INFINITE_RECURSION = YES;
				CLANG_WARN_INT_CONVERSION = YES;
				CLANG_WARN_NON_LITERAL_NULL_CONVERSION = YES;
				CLANG_WARN_OBJC_LITERAL_CONVERSION = YES;
				CLANG_WARN_OBJC_ROOT_CLASS = YES_ERROR;
				CLANG_WARN_RANGE_LOOP_ANALYSIS = YES;
				CLANG_WARN_STRICT_PROTOTYPES = YES;
				CLANG_WARN_SUSPICIOUS_MOVE = YES;
				CLANG_WARN_UNGUARDED_AVAILABILITY = YES_AGGRESSIVE;
				CLANG_WARN_UNREACHABLE_CODE = YES;
				CLANG_WARN__DUPLICATE_METHOD_MATCH = YES;
				CODE_SIGN_IDENTITY = "iPhone Developer";
				COPY_PHASE_STRIP = NO;
				DEBUG_INFORMATION_FORMAT = dwarf;
				ENABLE_STRICT_OBJC_MSGSEND = YES;
				ENABLE_TESTABILITY = YES;
				GCC_C_LANGUAGE_STANDARD = gnu11;
				GCC_DYNAMIC_NO_PIC = NO;
				GCC_NO_COMMON_BLOCKS = YES;
				GCC_OPTIMIZATION_LEVEL = 0;
				GCC_PREPROCESSOR_DEFINITIONS = (
					"DEBUG=1",
					"$(inherited)",
				);
				GCC_WARN_64_TO_32_BIT_CONVERSION = YES;
				GCC_WARN_ABOUT_RETURN_TYPE = YES_ERROR;
				GCC_WARN_UNDECLARED_SELECTOR = YES;
				GCC_WARN_UNINITIALIZED_AUTOS = YES_AGGRESSIVE;
				GCC_WARN_UNUSED_FUNCTION = YES;
				GCC_WARN_UNUSED_VARIABLE = YES;
				IPHONEOS_DEPLOYMENT_TARGET = 11.2;
				MTL_ENABLE_DEBUG_INFO = YES;
				ONLY_ACTIVE_ARCH = YES;
				SDKROOT = iphoneos;
				SWIFT_ACTIVE_COMPILATION_CONDITIONS = DEBUG;
				SWIFT_OPTIMIZATION_LEVEL = "-Onone";
			};
			name = Debug;
		};
		17A73BA5205BBE5200B0DFEC /* Release */ = {
			isa = XCBuildConfiguration;
			buildSettings = {
				ALWAYS_SEARCH_USER_PATHS = NO;
				CLANG_ANALYZER_NONNULL = YES;
				CLANG_ANALYZER_NUMBER_OBJECT_CONVERSION = YES_AGGRESSIVE;
				CLANG_CXX_LANGUAGE_STANDARD = "gnu++14";
				CLANG_CXX_LIBRARY = "libc++";
				CLANG_ENABLE_MODULES = YES;
				CLANG_ENABLE_OBJC_ARC = YES;
				CLANG_WARN_BLOCK_CAPTURE_AUTORELEASING = YES;
				CLANG_WARN_BOOL_CONVERSION = YES;
				CLANG_WARN_COMMA = YES;
				CLANG_WARN_CONSTANT_CONVERSION = YES;
				CLANG_WARN_DIRECT_OBJC_ISA_USAGE = YES_ERROR;
				CLANG_WARN_DOCUMENTATION_COMMENTS = YES;
				CLANG_WARN_EMPTY_BODY = YES;
				CLANG_WARN_ENUM_CONVERSION = YES;
				CLANG_WARN_INFINITE_RECURSION = YES;
				CLANG_WARN_INT_CONVERSION = YES;
				CLANG_WARN_NON_LITERAL_NULL_CONVERSION = YES;
				CLANG_WARN_OBJC_LITERAL_CONVERSION = YES;
				CLANG_WARN_OBJC_ROOT_CLASS = YES_ERROR;
				CLANG_WARN_RANGE_LOOP_ANALYSIS = YES;
				CLANG_WARN_STRICT_PROTOTYPES = YES;
				CLANG_WARN_SUSPICIOUS_MOVE = YES;
				CLANG_WARN_UNGUARDED_AVAILABILITY = YES_AGGRESSIVE;
				CLANG_WARN_UNREACHABLE_CODE = YES;
				CLANG_WARN__DUPLICATE_METHOD_MATCH = YES;
				CODE_SIGN_IDENTITY = "iPhone Developer";
				COPY_PHASE_STRIP = NO;
				DEBUG_INFORMATION_FORMAT = "dwarf-with-dsym";
				ENABLE_NS_ASSERTIONS = NO;
				ENABLE_STRICT_OBJC_MSGSEND = YES;
				GCC_C_LANGUAGE_STANDARD = gnu11;
				GCC_NO_COMMON_BLOCKS = YES;
				GCC_WARN_64_TO_32_BIT_CONVERSION = YES;
				GCC_WARN_ABOUT_RETURN_TYPE = YES_ERROR;
				GCC_WARN_UNDECLARED_SELECTOR = YES;
				GCC_WARN_UNINITIALIZED_AUTOS = YES_AGGRESSIVE;
				GCC_WARN_UNUSED_FUNCTION = YES;
				GCC_WARN_UNUSED_VARIABLE = YES;
				IPHONEOS_DEPLOYMENT_TARGET = 11.2;
				MTL_ENABLE_DEBUG_INFO = NO;
				SDKROOT = iphoneos;
				SWIFT_OPTIMIZATION_LEVEL = "-Owholemodule";
				VALIDATE_PRODUCT = YES;
			};
			name = Release;
		};
		17A73BA7205BBE5200B0DFEC /* Debug */ = {
			isa = XCBuildConfiguration;
			buildSettings = {
				ASSETCATALOG_COMPILER_APPICON_NAME = AppIcon;
				CODE_SIGN_STYLE = Automatic;
				INFOPLIST_FILE = QRCodeScanner/Info.plist;
				LD_RUNPATH_SEARCH_PATHS = "$(inherited) @executable_path/Frameworks";
				PRODUCT_BUNDLE_IDENTIFIER = com.tw.QRCodeScanner;
				PRODUCT_NAME = "$(TARGET_NAME)";
				SWIFT_VERSION = 4.0;
				TARGETED_DEVICE_FAMILY = "1,2";
			};
			name = Debug;
		};
		17A73BA8205BBE5200B0DFEC /* Release */ = {
			isa = XCBuildConfiguration;
			buildSettings = {
				ASSETCATALOG_COMPILER_APPICON_NAME = AppIcon;
				CODE_SIGN_STYLE = Automatic;
				INFOPLIST_FILE = QRCodeScanner/Info.plist;
				LD_RUNPATH_SEARCH_PATHS = "$(inherited) @executable_path/Frameworks";
				PRODUCT_BUNDLE_IDENTIFIER = com.tw.QRCodeScanner;
				PRODUCT_NAME = "$(TARGET_NAME)";
				SWIFT_VERSION = 4.0;
				TARGETED_DEVICE_FAMILY = "1,2";
			};
			name = Release;
		};
		17A73BAA205BBE5200B0DFEC /* Debug */ = {
			isa = XCBuildConfiguration;
			buildSettings = {
				ALWAYS_EMBED_SWIFT_STANDARD_LIBRARIES = YES;
				BUNDLE_LOADER = "$(TEST_HOST)";
				CODE_SIGN_STYLE = Automatic;
				INFOPLIST_FILE = QRCodeScannerTests/Info.plist;
				LD_RUNPATH_SEARCH_PATHS = "$(inherited) @executable_path/Frameworks @loader_path/Frameworks";
				PRODUCT_BUNDLE_IDENTIFIER = com.tw.QRCodeScannerTests;
				PRODUCT_NAME = "$(TARGET_NAME)";
				SWIFT_VERSION = 4.0;
				TARGETED_DEVICE_FAMILY = "1,2";
				TEST_HOST = "$(BUILT_PRODUCTS_DIR)/QRCodeScanner.app/QRCodeScanner";
			};
			name = Debug;
		};
		17A73BAB205BBE5200B0DFEC /* Release */ = {
			isa = XCBuildConfiguration;
			buildSettings = {
				ALWAYS_EMBED_SWIFT_STANDARD_LIBRARIES = YES;
				BUNDLE_LOADER = "$(TEST_HOST)";
				CODE_SIGN_STYLE = Automatic;
				INFOPLIST_FILE = QRCodeScannerTests/Info.plist;
				LD_RUNPATH_SEARCH_PATHS = "$(inherited) @executable_path/Frameworks @loader_path/Frameworks";
				PRODUCT_BUNDLE_IDENTIFIER = com.tw.QRCodeScannerTests;
				PRODUCT_NAME = "$(TARGET_NAME)";
				SWIFT_VERSION = 4.0;
				TARGETED_DEVICE_FAMILY = "1,2";
				TEST_HOST = "$(BUILT_PRODUCTS_DIR)/QRCodeScanner.app/QRCodeScanner";
			};
			name = Release;
		};
		17A73BAD205BBE5200B0DFEC /* Debug */ = {
			isa = XCBuildConfiguration;
			buildSettings = {
				ALWAYS_EMBED_SWIFT_STANDARD_LIBRARIES = YES;
				CODE_SIGN_STYLE = Automatic;
				INFOPLIST_FILE = QRCodeScannerUITests/Info.plist;
				LD_RUNPATH_SEARCH_PATHS = "$(inherited) @executable_path/Frameworks @loader_path/Frameworks";
				PRODUCT_BUNDLE_IDENTIFIER = com.tw.QRCodeScannerUITests;
				PRODUCT_NAME = "$(TARGET_NAME)";
				SWIFT_VERSION = 4.0;
				TARGETED_DEVICE_FAMILY = "1,2";
				TEST_TARGET_NAME = QRCodeScanner;
			};
			name = Debug;
		};
		17A73BAE205BBE5200B0DFEC /* Release */ = {
			isa = XCBuildConfiguration;
			buildSettings = {
				ALWAYS_EMBED_SWIFT_STANDARD_LIBRARIES = YES;
				CODE_SIGN_STYLE = Automatic;
				INFOPLIST_FILE = QRCodeScannerUITests/Info.plist;
				LD_RUNPATH_SEARCH_PATHS = "$(inherited) @executable_path/Frameworks @loader_path/Frameworks";
				PRODUCT_BUNDLE_IDENTIFIER = com.tw.QRCodeScannerUITests;
				PRODUCT_NAME = "$(TARGET_NAME)";
				SWIFT_VERSION = 4.0;
				TARGETED_DEVICE_FAMILY = "1,2";
				TEST_TARGET_NAME = QRCodeScanner;
			};
			name = Release;
		};
/* End XCBuildConfiguration section */

/* Begin XCConfigurationList section */
		17A73B79205BBE5100B0DFEC /* Build configuration list for PBXProject "QRCodeScanner" */ = {
			isa = XCConfigurationList;
			buildConfigurations = (
				17A73BA4205BBE5200B0DFEC /* Debug */,
				17A73BA5205BBE5200B0DFEC /* Release */,
			);
			defaultConfigurationIsVisible = 0;
			defaultConfigurationName = Release;
		};
		17A73BA6205BBE5200B0DFEC /* Build configuration list for PBXNativeTarget "QRCodeScanner" */ = {
			isa = XCConfigurationList;
			buildConfigurations = (
				17A73BA7205BBE5200B0DFEC /* Debug */,
				17A73BA8205BBE5200B0DFEC /* Release */,
			);
			defaultConfigurationIsVisible = 0;
			defaultConfigurationName = Release;
		};
		17A73BA9205BBE5200B0DFEC /* Build configuration list for PBXNativeTarget "QRCodeScannerTests" */ = {
			isa = XCConfigurationList;
			buildConfigurations = (
				17A73BAA205BBE5200B0DFEC /* Debug */,
				17A73BAB205BBE5200B0DFEC /* Release */,
			);
			defaultConfigurationIsVisible = 0;
			defaultConfigurationName = Release;
		};
		17A73BAC205BBE5200B0DFEC /* Build configuration list for PBXNativeTarget "QRCodeScannerUITests" */ = {
			isa = XCConfigurationList;
			buildConfigurations = (
				17A73BAD205BBE5200B0DFEC /* Debug */,
				17A73BAE205BBE5200B0DFEC /* Release */,
			);
			defaultConfigurationIsVisible = 0;
			defaultConfigurationName = Release;
		};
/* End XCConfigurationList section */
	};
	rootObject = 17A73B76205BBE5100B0DFEC /* Project object */;
}
